
Microsoft Visual Studio Solution File, Format Version 12.00
# Visual Studio Version 16
VisualStudioVersion = 16.0.808.3
MinimumVisualStudioVersion = 10.0.40219.1
Project("{FAE04EC0-301F-11D3-BF4B-00C04F79EFBC}") = "Classes", "Classes\Classes.csproj", "{D28A9DAD-CBFE-4E44-BA50-18B828116342}"
EndProject
Global
	GlobalSection(SolutionConfigurationPlatforms) = preSolution
		Debug|anycpu = Debug|anycpu
		Release|anycpu = Release|anycpu
	EndGlobalSection
	GlobalSection(ProjectConfigurationPlatforms) = postSolution
		{D28A9DAD-CBFE-4E44-BA50-18B828116342}.Debug|anycpu.ActiveCfg = Debug|anycpu
		{D28A9DAD-CBFE-4E44-BA50-18B828116342}.Debug|anycpu.Build.0 = Debug|anycpu
		{D28A9DAD-CBFE-4E44-BA50-18B828116342}.Release|anycpu.ActiveCfg = Release|anycpu
		{D28A9DAD-CBFE-4E44-BA50-18B828116342}.Release|anycpu.Build.0 = Release|anycpu
	EndGlobalSection
	GlobalSection(SolutionProperties) = preSolution
		HideSolutionNode = FALSE
	EndGlobalSection
	GlobalSection(ExtensibilityGlobals) = postSolution
		SolutionGuid = {7E9CE138-D945-46DB-9693-5E4C1CBAFCE2}
	EndGlobalSection
EndGlobal
